# This file is autogenerated, do not edit; changes may be undone by the next 'dep ensure'.


[[projects]]
  digest = "1:f0e1bc4562c35f62b577a7a0be0fb0657f2805c637c2ac69d92b3a7d2fd91f1b"
  name = "code.cloudfoundry.org/cli"
  packages = [
    "plugin",
    "plugin/models",
  ]
  pruneopts = "UT"
  revision = "c3b20bfbef49c5d2539cecb0c00cef25b2324c0b"
  version = "v6.44.1"

[solve-meta]
  analyzer-name = "dep"
  analyzer-version = 1
  input-imports = ["code.cloudfoundry.org/cli/plugin"]
  solver-name = "gps-cdcl"
  solver-version = 1
